// !$*UTF8*$!
{
	archiveVersion = 1;
	classes = {
	};
	objectVersion = 56;
	objects = {

/* Begin PBXBuildFile section */
		CE73B1D229F3D8C0000658A7 /* AnimalDetailView.swift in Sources */ = {isa = PBXBuildFile; fileRef = CE73B1D129F3D8C0000658A7 /* AnimalDetailView.swift */; };
		CE73B1D429F3DD14000658A7 /* HeadingView.swift in Sources */ = {isa = PBXBuildFile; fileRef = CE73B1D329F3DD14000658A7 /* HeadingView.swift */; };
		CE73B1D629F3E0FD000658A7 /* InsertGalleryView.swift in Sources */ = {isa = PBXBuildFile; fileRef = CE73B1D529F3E0FD000658A7 /* InsertGalleryView.swift */; };
		CE73B1D829F3E72D000658A7 /* InsetFactView.swift in Sources */ = {isa = PBXBuildFile; fileRef = CE73B1D729F3E72D000658A7 /* InsetFactView.swift */; };
		CE73B1DA29F3E8DF000658A7 /* InsetMapView.swift in Sources */ = {isa = PBXBuildFile; fileRef = CE73B1D929F3E8DF000658A7 /* InsetMapView.swift */; };
		CE73B1DC29F3EC94000658A7 /* ExternalWeblinkView.swift in Sources */ = {isa = PBXBuildFile; fileRef = CE73B1DB29F3EC94000658A7 /* ExternalWeblinkView.swift */; };
		CE73B1DE29F3F049000658A7 /* VideoModel.swift in Sources */ = {isa = PBXBuildFile; fileRef = CE73B1DD29F3F049000658A7 /* VideoModel.swift */; };
		CE73B1E029F3F141000658A7 /* VideoListItemView.swift in Sources */ = {isa = PBXBuildFile; fileRef = CE73B1DF29F3F141000658A7 /* VideoListItemView.swift */; };
		CE73B1E229F41701000658A7 /* VideoPlayerView.swift in Sources */ = {isa = PBXBuildFile; fileRef = CE73B1E129F41701000658A7 /* VideoPlayerView.swift */; };
		CE73B1E529F44AE2000658A7 /* VideoPlayerHelper.swift in Sources */ = {isa = PBXBuildFile; fileRef = CE73B1E429F44AE2000658A7 /* VideoPlayerHelper.swift */; };
		CE73B1E729F4513C000658A7 /* LocationModel.swift in Sources */ = {isa = PBXBuildFile; fileRef = CE73B1E629F4513C000658A7 /* LocationModel.swift */; };
		CE73B1E929F457EF000658A7 /* MapAnnotationView.swift in Sources */ = {isa = PBXBuildFile; fileRef = CE73B1E829F457EF000658A7 /* MapAnnotationView.swift */; };
		CE73B1EB29F5D40D000658A7 /* MotionAnimaationView.swift in Sources */ = {isa = PBXBuildFile; fileRef = CE73B1EA29F5D40D000658A7 /* MotionAnimaationView.swift */; };
		CE7BA9B329F981BF0009F5FA /* AnimalGridItemView.swift in Sources */ = {isa = PBXBuildFile; fileRef = CE7BA9B229F981BF0009F5FA /* AnimalGridItemView.swift */; };
		CE7BA9B929F99A6E0009F5FA /* Stickers.xcassets in Resources */ = {isa = PBXBuildFile; fileRef = CE7BA9B829F99A6E0009F5FA /* Stickers.xcassets */; };
		CE7BA9BD29F99A6E0009F5FA /* Stickers.appex in Embed Foundation Extensions */ = {isa = PBXBuildFile; fileRef = CE7BA9B629F99A6B0009F5FA /* Stickers.appex */; platformFilter = ios; settings = {ATTRIBUTES = (RemoveHeadersOnCopy, ); }; };
		CE7BA9C329F99D690009F5FA /* CreditsView.swift in Sources */ = {isa = PBXBuildFile; fileRef = CE7BA9C229F99D690009F5FA /* CreditsView.swift */; };
		CE7BA9C629F99F500009F5FA /* CenterModifier.swift in Sources */ = {isa = PBXBuildFile; fileRef = CE7BA9C529F99F500009F5FA /* CenterModifier.swift */; };
		CED0F1F429F22FB900DE675D /* AfricaApp.swift in Sources */ = {isa = PBXBuildFile; fileRef = CED0F1F329F22FB900DE675D /* AfricaApp.swift */; };
		CED0F1F629F22FB900DE675D /* ContentView.swift in Sources */ = {isa = PBXBuildFile; fileRef = CED0F1F529F22FB900DE675D /* ContentView.swift */; };
		CED0F1F829F22FBB00DE675D /* Assets.xcassets in Resources */ = {isa = PBXBuildFile; fileRef = CED0F1F729F22FBB00DE675D /* Assets.xcassets */; };
		CED0F1FB29F22FBB00DE675D /* Preview Assets.xcassets in Resources */ = {isa = PBXBuildFile; fileRef = CED0F1FA29F22FBB00DE675D /* Preview Assets.xcassets */; };
		CED0F20C29F2E23E00DE675D /* lion.mp4 in Resources */ = {isa = PBXBuildFile; fileRef = CED0F20229F2E23700DE675D /* lion.mp4 */; };
		CED0F20D29F2E23E00DE675D /* hippo.mp4 in Resources */ = {isa = PBXBuildFile; fileRef = CED0F20329F2E23700DE675D /* hippo.mp4 */; };
		CED0F20E29F2E23E00DE675D /* rhino.mp4 in Resources */ = {isa = PBXBuildFile; fileRef = CED0F20429F2E23700DE675D /* rhino.mp4 */; };
		CED0F20F29F2E23E00DE675D /* lioness.mp4 in Resources */ = {isa = PBXBuildFile; fileRef = CED0F20529F2E23800DE675D /* lioness.mp4 */; };
		CED0F21029F2E23E00DE675D /* zebra.mp4 in Resources */ = {isa = PBXBuildFile; fileRef = CED0F20629F2E23A00DE675D /* zebra.mp4 */; };
		CED0F21129F2E23E00DE675D /* cheetah.mp4 in Resources */ = {isa = PBXBuildFile; fileRef = CED0F20729F2E23B00DE675D /* cheetah.mp4 */; };
		CED0F21229F2E23E00DE675D /* ostrich.mp4 in Resources */ = {isa = PBXBuildFile; fileRef = CED0F20829F2E23B00DE675D /* ostrich.mp4 */; };
		CED0F21329F2E23E00DE675D /* gorilla.mp4 in Resources */ = {isa = PBXBuildFile; fileRef = CED0F20929F2E23D00DE675D /* gorilla.mp4 */; };
		CED0F21429F2E23E00DE675D /* elephant.mp4 in Resources */ = {isa = PBXBuildFile; fileRef = CED0F20A29F2E23D00DE675D /* elephant.mp4 */; };
		CED0F21529F2E23E00DE675D /* giraffe.mp4 in Resources */ = {isa = PBXBuildFile; fileRef = CED0F20B29F2E23E00DE675D /* giraffe.mp4 */; };
		CED0F21B29F2E28B00DE675D /* covers.json in Resources */ = {isa = PBXBuildFile; fileRef = CED0F21729F2E28A00DE675D /* covers.json */; };
		CED0F21C29F2E28B00DE675D /* locations.json in Resources */ = {isa = PBXBuildFile; fileRef = CED0F21829F2E28A00DE675D /* locations.json */; };
		CED0F21D29F2E28B00DE675D /* animals.json in Resources */ = {isa = PBXBuildFile; fileRef = CED0F21929F2E28A00DE675D /* animals.json */; };
		CED0F21E29F2E28B00DE675D /* videos.json in Resources */ = {isa = PBXBuildFile; fileRef = CED0F21A29F2E28B00DE675D /* videos.json */; };
		CED0F22229F2E60800DE675D /* VideoListView.swift in Sources */ = {isa = PBXBuildFile; fileRef = CED0F22129F2E60800DE675D /* VideoListView.swift */; };
		CED0F22429F2E63000DE675D /* MapView.swift in Sources */ = {isa = PBXBuildFile; fileRef = CED0F22329F2E63000DE675D /* MapView.swift */; };
		CED0F22629F2E64F00DE675D /* GalleryView.swift in Sources */ = {isa = PBXBuildFile; fileRef = CED0F22529F2E64F00DE675D /* GalleryView.swift */; };
		CED0F22829F2E68400DE675D /* MainView.swift in Sources */ = {isa = PBXBuildFile; fileRef = CED0F22729F2E68400DE675D /* MainView.swift */; };
		CED0F22B29F323D100DE675D /* CoverImageView.swift in Sources */ = {isa = PBXBuildFile; fileRef = CED0F22A29F323D100DE675D /* CoverImageView.swift */; };
		CED0F22E29F332B300DE675D /* CoverImageModel.swift in Sources */ = {isa = PBXBuildFile; fileRef = CED0F22D29F332B300DE675D /* CoverImageModel.swift */; };
		CED0F23129F3343F00DE675D /* CodableBundleExtension.swift in Sources */ = {isa = PBXBuildFile; fileRef = CED0F23029F3343F00DE675D /* CodableBundleExtension.swift */; };
		CED0F23329F3490000DE675D /* AnimalListItemView.swift in Sources */ = {isa = PBXBuildFile; fileRef = CED0F23229F3490000DE675D /* AnimalListItemView.swift */; };
		CED0F23529F34BAB00DE675D /* AnimalModel.swift in Sources */ = {isa = PBXBuildFile; fileRef = CED0F23429F34BAB00DE675D /* AnimalModel.swift */; };
/* End PBXBuildFile section */

/* Begin PBXContainerItemProxy section */
		CE7BA9BB29F99A6E0009F5FA /* PBXContainerItemProxy */ = {
			isa = PBXContainerItemProxy;
			containerPortal = CED0F1E829F22FB800DE675D /* Project object */;
			proxyType = 1;
			remoteGlobalIDString = CE7BA9B529F99A6B0009F5FA;
			remoteInfo = Stickers;
		};
/* End PBXContainerItemProxy section */

/* Begin PBXCopyFilesBuildPhase section */
		CE7BA9C129F99A6E0009F5FA /* Embed Foundation Extensions */ = {
			isa = PBXCopyFilesBuildPhase;
			buildActionMask = 2147483647;
			dstPath = "";
			dstSubfolderSpec = 13;
			files = (
				CE7BA9BD29F99A6E0009F5FA /* Stickers.appex in Embed Foundation Extensions */,
			);
			name = "Embed Foundation Extensions";
			runOnlyForDeploymentPostprocessing = 0;
		};
/* End PBXCopyFilesBuildPhase section */

/* Begin PBXFileReference section */
		CE73B1D129F3D8C0000658A7 /* AnimalDetailView.swift */ = {isa = PBXFileReference; lastKnownFileType = sourcecode.swift; path = AnimalDetailView.swift; sourceTree = "<group>"; };
		CE73B1D329F3DD14000658A7 /* HeadingView.swift */ = {isa = PBXFileReference; lastKnownFileType = sourcecode.swift; path = HeadingView.swift; sourceTree = "<group>"; };
		CE73B1D529F3E0FD000658A7 /* InsertGalleryView.swift */ = {isa = PBXFileReference; lastKnownFileType = sourcecode.swift; path = InsertGalleryView.swift; sourceTree = "<group>"; };
		CE73B1D729F3E72D000658A7 /* InsetFactView.swift */ = {isa = PBXFileReference; lastKnownFileType = sourcecode.swift; path = InsetFactView.swift; sourceTree = "<group>"; };
		CE73B1D929F3E8DF000658A7 /* InsetMapView.swift */ = {isa = PBXFileReference; lastKnownFileType = sourcecode.swift; path = InsetMapView.swift; sourceTree = "<group>"; };
		CE73B1DB29F3EC94000658A7 /* ExternalWeblinkView.swift */ = {isa = PBXFileReference; lastKnownFileType = sourcecode.swift; path = ExternalWeblinkView.swift; sourceTree = "<group>"; };
		CE73B1DD29F3F049000658A7 /* VideoModel.swift */ = {isa = PBXFileReference; lastKnownFileType = sourcecode.swift; path = VideoModel.swift; sourceTree = "<group>"; };
		CE73B1DF29F3F141000658A7 /* VideoListItemView.swift */ = {isa = PBXFileReference; lastKnownFileType = sourcecode.swift; path = VideoListItemView.swift; sourceTree = "<group>"; };
		CE73B1E129F41701000658A7 /* VideoPlayerView.swift */ = {isa = PBXFileReference; lastKnownFileType = sourcecode.swift; path = VideoPlayerView.swift; sourceTree = "<group>"; };
		CE73B1E429F44AE2000658A7 /* VideoPlayerHelper.swift */ = {isa = PBXFileReference; lastKnownFileType = sourcecode.swift; path = VideoPlayerHelper.swift; sourceTree = "<group>"; };
		CE73B1E629F4513C000658A7 /* LocationModel.swift */ = {isa = PBXFileReference; lastKnownFileType = sourcecode.swift; path = LocationModel.swift; sourceTree = "<group>"; };
		CE73B1E829F457EF000658A7 /* MapAnnotationView.swift */ = {isa = PBXFileReference; lastKnownFileType = sourcecode.swift; path = MapAnnotationView.swift; sourceTree = "<group>"; };
		CE73B1EA29F5D40D000658A7 /* MotionAnimaationView.swift */ = {isa = PBXFileReference; lastKnownFileType = sourcecode.swift; path = MotionAnimaationView.swift; sourceTree = "<group>"; };
		CE7BA9B229F981BF0009F5FA /* AnimalGridItemView.swift */ = {isa = PBXFileReference; lastKnownFileType = sourcecode.swift; path = AnimalGridItemView.swift; sourceTree = "<group>"; };
		CE7BA9B629F99A6B0009F5FA /* Stickers.appex */ = {isa = PBXFileReference; explicitFileType = "wrapper.app-extension"; includeInIndex = 0; path = Stickers.appex; sourceTree = BUILT_PRODUCTS_DIR; };
		CE7BA9B829F99A6E0009F5FA /* Stickers.xcassets */ = {isa = PBXFileReference; lastKnownFileType = folder.assetcatalog; path = Stickers.xcassets; sourceTree = "<group>"; };
		CE7BA9BA29F99A6E0009F5FA /* Info.plist */ = {isa = PBXFileReference; lastKnownFileType = text.plist.xml; path = Info.plist; sourceTree = "<group>"; };
		CE7BA9C229F99D690009F5FA /* CreditsView.swift */ = {isa = PBXFileReference; lastKnownFileType = sourcecode.swift; path = CreditsView.swift; sourceTree = "<group>"; };
		CE7BA9C529F99F500009F5FA /* CenterModifier.swift */ = {isa = PBXFileReference; lastKnownFileType = sourcecode.swift; path = CenterModifier.swift; sourceTree = "<group>"; };
		CE7BA9C729F9A0CF0009F5FA /* Africa.entitlements */ = {isa = PBXFileReference; lastKnownFileType = text.plist.entitlements; path = Africa.entitlements; sourceTree = "<group>"; };
		CED0F1F029F22FB900DE675D /* Africa.app */ = {isa = PBXFileReference; explicitFileType = wrapper.application; includeInIndex = 0; path = Africa.app; sourceTree = BUILT_PRODUCTS_DIR; };
		CED0F1F329F22FB900DE675D /* AfricaApp.swift */ = {isa = PBXFileReference; lastKnownFileType = sourcecode.swift; path = AfricaApp.swift; sourceTree = "<group>"; };
		CED0F1F529F22FB900DE675D /* ContentView.swift */ = {isa = PBXFileReference; lastKnownFileType = sourcecode.swift; path = ContentView.swift; sourceTree = "<group>"; };
		CED0F1F729F22FBB00DE675D /* Assets.xcassets */ = {isa = PBXFileReference; lastKnownFileType = folder.assetcatalog; path = Assets.xcassets; sourceTree = "<group>"; };
		CED0F1FA29F22FBB00DE675D /* Preview Assets.xcassets */ = {isa = PBXFileReference; lastKnownFileType = folder.assetcatalog; path = "Preview Assets.xcassets"; sourceTree = "<group>"; };
		CED0F20229F2E23700DE675D /* lion.mp4 */ = {isa = PBXFileReference; lastKnownFileType = file; path = lion.mp4; sourceTree = "<group>"; };
		CED0F20329F2E23700DE675D /* hippo.mp4 */ = {isa = PBXFileReference; lastKnownFileType = file; path = hippo.mp4; sourceTree = "<group>"; };
		CED0F20429F2E23700DE675D /* rhino.mp4 */ = {isa = PBXFileReference; lastKnownFileType = file; path = rhino.mp4; sourceTree = "<group>"; };
		CED0F20529F2E23800DE675D /* lioness.mp4 */ = {isa = PBXFileReference; lastKnownFileType = file; path = lioness.mp4; sourceTree = "<group>"; };
		CED0F20629F2E23A00DE675D /* zebra.mp4 */ = {isa = PBXFileReference; lastKnownFileType = file; path = zebra.mp4; sourceTree = "<group>"; };
		CED0F20729F2E23B00DE675D /* cheetah.mp4 */ = {isa = PBXFileReference; lastKnownFileType = file; path = cheetah.mp4; sourceTree = "<group>"; };
		CED0F20829F2E23B00DE675D /* ostrich.mp4 */ = {isa = PBXFileReference; lastKnownFileType = file; path = ostrich.mp4; sourceTree = "<group>"; };
		CED0F20929F2E23D00DE675D /* gorilla.mp4 */ = {isa = PBXFileReference; lastKnownFileType = file; path = gorilla.mp4; sourceTree = "<group>"; };
		CED0F20A29F2E23D00DE675D /* elephant.mp4 */ = {isa = PBXFileReference; lastKnownFileType = file; path = elephant.mp4; sourceTree = "<group>"; };
		CED0F20B29F2E23E00DE675D /* giraffe.mp4 */ = {isa = PBXFileReference; lastKnownFileType = file; path = giraffe.mp4; sourceTree = "<group>"; };
		CED0F21729F2E28A00DE675D /* covers.json */ = {isa = PBXFileReference; fileEncoding = 4; lastKnownFileType = text.json; path = covers.json; sourceTree = "<group>"; };
		CED0F21829F2E28A00DE675D /* locations.json */ = {isa = PBXFileReference; fileEncoding = 4; lastKnownFileType = text.json; path = locations.json; sourceTree = "<group>"; };
		CED0F21929F2E28A00DE675D /* animals.json */ = {isa = PBXFileReference; fileEncoding = 4; lastKnownFileType = text.json; path = animals.json; sourceTree = "<group>"; };
		CED0F21A29F2E28B00DE675D /* videos.json */ = {isa = PBXFileReference; fileEncoding = 4; lastKnownFileType = text.json; path = videos.json; sourceTree = "<group>"; };
		CED0F21F29F2E3B300DE675D /* Info.plist */ = {isa = PBXFileReference; lastKnownFileType = text.plist; path = Info.plist; sourceTree = "<group>"; };
		CED0F22129F2E60800DE675D /* VideoListView.swift */ = {isa = PBXFileReference; lastKnownFileType = sourcecode.swift; path = VideoListView.swift; sourceTree = "<group>"; };
		CED0F22329F2E63000DE675D /* MapView.swift */ = {isa = PBXFileReference; lastKnownFileType = sourcecode.swift; path = MapView.swift; sourceTree = "<group>"; };
		CED0F22529F2E64F00DE675D /* GalleryView.swift */ = {isa = PBXFileReference; lastKnownFileType = sourcecode.swift; path = GalleryView.swift; sourceTree = "<group>"; };
		CED0F22729F2E68400DE675D /* MainView.swift */ = {isa = PBXFileReference; lastKnownFileType = sourcecode.swift; path = MainView.swift; sourceTree = "<group>"; };
		CED0F22A29F323D100DE675D /* CoverImageView.swift */ = {isa = PBXFileReference; lastKnownFileType = sourcecode.swift; path = CoverImageView.swift; sourceTree = "<group>"; };
		CED0F22D29F332B300DE675D /* CoverImageModel.swift */ = {isa = PBXFileReference; lastKnownFileType = sourcecode.swift; path = CoverImageModel.swift; sourceTree = "<group>"; };
		CED0F23029F3343F00DE675D /* CodableBundleExtension.swift */ = {isa = PBXFileReference; lastKnownFileType = sourcecode.swift; path = CodableBundleExtension.swift; sourceTree = "<group>"; };
		CED0F23229F3490000DE675D /* AnimalListItemView.swift */ = {isa = PBXFileReference; lastKnownFileType = sourcecode.swift; path = AnimalListItemView.swift; sourceTree = "<group>"; };
		CED0F23429F34BAB00DE675D /* AnimalModel.swift */ = {isa = PBXFileReference; lastKnownFileType = sourcecode.swift; path = AnimalModel.swift; sourceTree = "<group>"; };
/* End PBXFileReference section */

/* Begin PBXFrameworksBuildPhase section */
		CED0F1ED29F22FB900DE675D /* Frameworks */ = {
			isa = PBXFrameworksBuildPhase;
			buildActionMask = 2147483647;
			files = (
			);
			runOnlyForDeploymentPostprocessing = 0;
		};
/* End PBXFrameworksBuildPhase section */

/* Begin PBXGroup section */
		CE73B1E329F44AB6000658A7 /* Helper */ = {
			isa = PBXGroup;
			children = (
				CE73B1E429F44AE2000658A7 /* VideoPlayerHelper.swift */,
			);
			path = Helper;
			sourceTree = "<group>";
		};
		CE7BA9B729F99A6B0009F5FA /* Stickers */ = {
			isa = PBXGroup;
			children = (
				CE7BA9B829F99A6E0009F5FA /* Stickers.xcassets */,
				CE7BA9BA29F99A6E0009F5FA /* Info.plist */,
			);
			path = Stickers;
			sourceTree = "<group>";
		};
		CE7BA9C429F99F110009F5FA /* Modifier */ = {
			isa = PBXGroup;
			children = (
				CE7BA9C529F99F500009F5FA /* CenterModifier.swift */,
			);
			path = Modifier;
			sourceTree = "<group>";
		};
		CED0F1E729F22FB800DE675D = {
			isa = PBXGroup;
			children = (
				CE7BA9C429F99F110009F5FA /* Modifier */,
				CE73B1E329F44AB6000658A7 /* Helper */,
				CED0F22F29F3341000DE675D /* Extension */,
				CED0F22C29F3328B00DE675D /* Model */,
				CED0F22029F2E46A00DE675D /* App */,
				CED0F22929F323A300DE675D /* View */,
				CED0F21629F2E26800DE675D /* Data */,
				CED0F20129F2E1F300DE675D /* Video */,
				CED0F1F229F22FB900DE675D /* Africa */,
				CE7BA9B729F99A6B0009F5FA /* Stickers */,
				CED0F1F129F22FB900DE675D /* Products */,
			);
			sourceTree = "<group>";
		};
		CED0F1F129F22FB900DE675D /* Products */ = {
			isa = PBXGroup;
			children = (
				CED0F1F029F22FB900DE675D /* Africa.app */,
				CE7BA9B629F99A6B0009F5FA /* Stickers.appex */,
			);
			name = Products;
			sourceTree = "<group>";
		};
		CED0F1F229F22FB900DE675D /* Africa */ = {
			isa = PBXGroup;
			children = (
				CE7BA9C729F9A0CF0009F5FA /* Africa.entitlements */,
				CED0F21F29F2E3B300DE675D /* Info.plist */,
				CED0F1F729F22FBB00DE675D /* Assets.xcassets */,
				CED0F1F929F22FBB00DE675D /* Preview Content */,
			);
			path = Africa;
			sourceTree = "<group>";
		};
		CED0F1F929F22FBB00DE675D /* Preview Content */ = {
			isa = PBXGroup;
			children = (
				CED0F1FA29F22FBB00DE675D /* Preview Assets.xcassets */,
			);
			path = "Preview Content";
			sourceTree = "<group>";
		};
		CED0F20129F2E1F300DE675D /* Video */ = {
			isa = PBXGroup;
			children = (
				CED0F20729F2E23B00DE675D /* cheetah.mp4 */,
				CED0F20A29F2E23D00DE675D /* elephant.mp4 */,
				CED0F20B29F2E23E00DE675D /* giraffe.mp4 */,
				CED0F20929F2E23D00DE675D /* gorilla.mp4 */,
				CED0F20329F2E23700DE675D /* hippo.mp4 */,
				CED0F20229F2E23700DE675D /* lion.mp4 */,
				CED0F20529F2E23800DE675D /* lioness.mp4 */,
				CED0F20829F2E23B00DE675D /* ostrich.mp4 */,
				CED0F20429F2E23700DE675D /* rhino.mp4 */,
				CED0F20629F2E23A00DE675D /* zebra.mp4 */,
			);
			path = Video;
			sourceTree = "<group>";
		};
		CED0F21629F2E26800DE675D /* Data */ = {
			isa = PBXGroup;
			children = (
				CED0F21929F2E28A00DE675D /* animals.json */,
				CED0F21729F2E28A00DE675D /* covers.json */,
				CED0F21829F2E28A00DE675D /* locations.json */,
				CED0F21A29F2E28B00DE675D /* videos.json */,
			);
			path = Data;
			sourceTree = "<group>";
		};
		CED0F22029F2E46A00DE675D /* App */ = {
			isa = PBXGroup;
			children = (
				CED0F1F329F22FB900DE675D /* AfricaApp.swift */,
				CED0F1F529F22FB900DE675D /* ContentView.swift */,
				CED0F22129F2E60800DE675D /* VideoListView.swift */,
				CED0F22329F2E63000DE675D /* MapView.swift */,
				CED0F22529F2E64F00DE675D /* GalleryView.swift */,
				CED0F22729F2E68400DE675D /* MainView.swift */,
			);
			path = App;
			sourceTree = "<group>";
		};
		CED0F22929F323A300DE675D /* View */ = {
			isa = PBXGroup;
			children = (
				CED0F22A29F323D100DE675D /* CoverImageView.swift */,
				CED0F23229F3490000DE675D /* AnimalListItemView.swift */,
				CE73B1D129F3D8C0000658A7 /* AnimalDetailView.swift */,
				CE73B1D329F3DD14000658A7 /* HeadingView.swift */,
				CE73B1D529F3E0FD000658A7 /* InsertGalleryView.swift */,
				CE73B1D729F3E72D000658A7 /* InsetFactView.swift */,
				CE73B1D929F3E8DF000658A7 /* InsetMapView.swift */,
				CE73B1DB29F3EC94000658A7 /* ExternalWeblinkView.swift */,
				CE73B1DF29F3F141000658A7 /* VideoListItemView.swift */,
				CE73B1E129F41701000658A7 /* VideoPlayerView.swift */,
				CE73B1E829F457EF000658A7 /* MapAnnotationView.swift */,
				CE73B1EA29F5D40D000658A7 /* MotionAnimaationView.swift */,
				CE7BA9B229F981BF0009F5FA /* AnimalGridItemView.swift */,
				CE7BA9C229F99D690009F5FA /* CreditsView.swift */,
			);
			path = View;
			sourceTree = "<group>";
		};
		CED0F22C29F3328B00DE675D /* Model */ = {
			isa = PBXGroup;
			children = (
				CED0F22D29F332B300DE675D /* CoverImageModel.swift */,
				CED0F23429F34BAB00DE675D /* AnimalModel.swift */,
				CE73B1DD29F3F049000658A7 /* VideoModel.swift */,
				CE73B1E629F4513C000658A7 /* LocationModel.swift */,
			);
			path = Model;
			sourceTree = "<group>";
		};
		CED0F22F29F3341000DE675D /* Extension */ = {
			isa = PBXGroup;
			children = (
				CED0F23029F3343F00DE675D /* CodableBundleExtension.swift */,
			);
			path = Extension;
			sourceTree = "<group>";
		};
/* End PBXGroup section */

/* Begin PBXNativeTarget section */
		CE7BA9B529F99A6B0009F5FA /* Stickers */ = {
			isa = PBXNativeTarget;
			buildConfigurationList = CE7BA9BE29F99A6E0009F5FA /* Build configuration list for PBXNativeTarget "Stickers" */;
			buildPhases = (
				CE7BA9B429F99A6B0009F5FA /* Resources */,
			);
			buildRules = (
			);
			dependencies = (
			);
			name = Stickers;
			productName = Stickers;
			productReference = CE7BA9B629F99A6B0009F5FA /* Stickers.appex */;
			productType = "com.apple.product-type.app-extension.messages-sticker-pack";
		};
		CED0F1EF29F22FB900DE675D /* Africa */ = {
			isa = PBXNativeTarget;
			buildConfigurationList = CED0F1FE29F22FBB00DE675D /* Build configuration list for PBXNativeTarget "Africa" */;
			buildPhases = (
				CED0F1EC29F22FB900DE675D /* Sources */,
				CED0F1ED29F22FB900DE675D /* Frameworks */,
				CED0F1EE29F22FB900DE675D /* Resources */,
				CE7BA9C129F99A6E0009F5FA /* Embed Foundation Extensions */,
			);
			buildRules = (
			);
			dependencies = (
				CE7BA9BC29F99A6E0009F5FA /* PBXTargetDependency */,
			);
			name = Africa;
			productName = Africa;
			productReference = CED0F1F029F22FB900DE675D /* Africa.app */;
			productType = "com.apple.product-type.application";
		};
/* End PBXNativeTarget section */

/* Begin PBXProject section */
		CED0F1E829F22FB800DE675D /* Project object */ = {
			isa = PBXProject;
			attributes = {
				BuildIndependentTargetsInParallel = 1;
				LastSwiftUpdateCheck = 1420;
				LastUpgradeCheck = 1420;
				TargetAttributes = {
					CE7BA9B529F99A6B0009F5FA = {
						CreatedOnToolsVersion = 14.2;
					};
					CED0F1EF29F22FB900DE675D = {
						CreatedOnToolsVersion = 14.2;
					};
				};
			};
			buildConfigurationList = CED0F1EB29F22FB800DE675D /* Build configuration list for PBXProject "Africa" */;
			compatibilityVersion = "Xcode 14.0";
			developmentRegion = en;
			hasScannedForEncodings = 0;
			knownRegions = (
				en,
				Base,
			);
			mainGroup = CED0F1E729F22FB800DE675D;
			productRefGroup = CED0F1F129F22FB900DE675D /* Products */;
			projectDirPath = "";
			projectRoot = "";
			targets = (
				CED0F1EF29F22FB900DE675D /* Africa */,
				CE7BA9B529F99A6B0009F5FA /* Stickers */,
			);
		};
/* End PBXProject section */

/* Begin PBXResourcesBuildPhase section */
		CE7BA9B429F99A6B0009F5FA /* Resources */ = {
			isa = PBXResourcesBuildPhase;
			buildActionMask = 2147483647;
			files = (
				CE7BA9B929F99A6E0009F5FA /* Stickers.xcassets in Resources */,
			);
			runOnlyForDeploymentPostprocessing = 0;
		};
		CED0F1EE29F22FB900DE675D /* Resources */ = {
			isa = PBXResourcesBuildPhase;
			buildActionMask = 2147483647;
			files = (
				CED0F21D29F2E28B00DE675D /* animals.json in Resources */,
				CED0F21C29F2E28B00DE675D /* locations.json in Resources */,
				CED0F21B29F2E28B00DE675D /* covers.json in Resources */,
				CED0F20D29F2E23E00DE675D /* hippo.mp4 in Resources */,
				CED0F1FB29F22FBB00DE675D /* Preview Assets.xcassets in Resources */,
				CED0F21529F2E23E00DE675D /* giraffe.mp4 in Resources */,
				CED0F21329F2E23E00DE675D /* gorilla.mp4 in Resources */,
				CED0F20C29F2E23E00DE675D /* lion.mp4 in Resources */,
				CED0F21229F2E23E00DE675D /* ostrich.mp4 in Resources */,
				CED0F20E29F2E23E00DE675D /* rhino.mp4 in Resources */,
				CED0F21129F2E23E00DE675D /* cheetah.mp4 in Resources */,
				CED0F1F829F22FBB00DE675D /* Assets.xcassets in Resources */,
				CED0F21029F2E23E00DE675D /* zebra.mp4 in Resources */,
				CED0F21E29F2E28B00DE675D /* videos.json in Resources */,
				CED0F20F29F2E23E00DE675D /* lioness.mp4 in Resources */,
				CED0F21429F2E23E00DE675D /* elephant.mp4 in Resources */,
			);
			runOnlyForDeploymentPostprocessing = 0;
		};
/* End PBXResourcesBuildPhase section */

/* Begin PBXSourcesBuildPhase section */
		CED0F1EC29F22FB900DE675D /* Sources */ = {
			isa = PBXSourcesBuildPhase;
			buildActionMask = 2147483647;
			files = (
				CE73B1E029F3F141000658A7 /* VideoListItemView.swift in Sources */,
				CE73B1DC29F3EC94000658A7 /* ExternalWeblinkView.swift in Sources */,
				CED0F1F629F22FB900DE675D /* ContentView.swift in Sources */,
				CED0F23329F3490000DE675D /* AnimalListItemView.swift in Sources */,
				CED0F22829F2E68400DE675D /* MainView.swift in Sources */,
				CE73B1D829F3E72D000658A7 /* InsetFactView.swift in Sources */,
				CED0F22B29F323D100DE675D /* CoverImageView.swift in Sources */,
				CE73B1EB29F5D40D000658A7 /* MotionAnimaationView.swift in Sources */,
				CED0F22E29F332B300DE675D /* CoverImageModel.swift in Sources */,
				CE73B1D229F3D8C0000658A7 /* AnimalDetailView.swift in Sources */,
				CED0F23529F34BAB00DE675D /* AnimalModel.swift in Sources */,
				CE73B1E529F44AE2000658A7 /* VideoPlayerHelper.swift in Sources */,
				CED0F22429F2E63000DE675D /* MapView.swift in Sources */,
				CE73B1DA29F3E8DF000658A7 /* InsetMapView.swift in Sources */,
				CE73B1E929F457EF000658A7 /* MapAnnotationView.swift in Sources */,
				CED0F1F429F22FB900DE675D /* AfricaApp.swift in Sources */,
				CED0F22229F2E60800DE675D /* VideoListView.swift in Sources */,
				CE73B1DE29F3F049000658A7 /* VideoModel.swift in Sources */,
				CE7BA9B329F981BF0009F5FA /* AnimalGridItemView.swift in Sources */,
				CE73B1E729F4513C000658A7 /* LocationModel.swift in Sources */,
				CED0F22629F2E64F00DE675D /* GalleryView.swift in Sources */,
				CE7BA9C329F99D690009F5FA /* CreditsView.swift in Sources */,
				CED0F23129F3343F00DE675D /* CodableBundleExtension.swift in Sources */,
				CE73B1D629F3E0FD000658A7 /* InsertGalleryView.swift in Sources */,
				CE7BA9C629F99F500009F5FA /* CenterModifier.swift in Sources */,
				CE73B1D429F3DD14000658A7 /* HeadingView.swift in Sources */,
				CE73B1E229F41701000658A7 /* VideoPlayerView.swift in Sources */,
			);
			runOnlyForDeploymentPostprocessing = 0;
		};
/* End PBXSourcesBuildPhase section */

/* Begin PBXTargetDependency section */
		CE7BA9BC29F99A6E0009F5FA /* PBXTargetDependency */ = {
			isa = PBXTargetDependency;
			platformFilter = ios;
			target = CE7BA9B529F99A6B0009F5FA /* Stickers */;
			targetProxy = CE7BA9BB29F99A6E0009F5FA /* PBXContainerItemProxy */;
		};
/* End PBXTargetDependency section */

/* Begin XCBuildConfiguration section */
		CE7BA9BF29F99A6E0009F5FA /* Debug */ = {
			isa = XCBuildConfiguration;
			buildSettings = {
				ASSETCATALOG_COMPILER_APPICON_NAME = "iMessage App Icon";
				CODE_SIGN_STYLE = Automatic;
				CURRENT_PROJECT_VERSION = 1;
				GENERATE_INFOPLIST_FILE = YES;
				INFOPLIST_FILE = Stickers/Info.plist;
				INFOPLIST_KEY_CFBundleDisplayName = Africa;
				MARKETING_VERSION = 1.0;
				PRODUCT_BUNDLE_IDENTIFIER = com.rotimi.Africa.Stickers;
				PRODUCT_NAME = "$(TARGET_NAME)";
				SKIP_INSTALL = YES;
				SUPPORTS_MACCATALYST = NO;
				SWIFT_EMIT_LOC_STRINGS = YES;
				TARGETED_DEVICE_FAMILY = "1,2";
			};
			name = Debug;
		};
		CE7BA9C029F99A6E0009F5FA /* Release */ = {
			isa = XCBuildConfiguration;
			buildSettings = {
				ASSETCATALOG_COMPILER_APPICON_NAME = "iMessage App Icon";
				CODE_SIGN_STYLE = Automatic;
				CURRENT_PROJECT_VERSION = 1;
				GENERATE_INFOPLIST_FILE = YES;
				INFOPLIST_FILE = Stickers/Info.plist;
				INFOPLIST_KEY_CFBundleDisplayName = Africa;
				MARKETING_VERSION = 1.0;
				PRODUCT_BUNDLE_IDENTIFIER = com.rotimi.Africa.Stickers;
				PRODUCT_NAME = "$(TARGET_NAME)";
				SKIP_INSTALL = YES;
				SUPPORTS_MACCATALYST = NO;
				SWIFT_EMIT_LOC_STRINGS = YES;
				TARGETED_DEVICE_FAMILY = "1,2";
			};
			name = Release;
		};
		CED0F1FC29F22FBB00DE675D /* Debug */ = {
			isa = XCBuildConfiguration;
			buildSettings = {
				ALWAYS_SEARCH_USER_PATHS = NO;
				CLANG_ANALYZER_NONNULL = YES;
				CLANG_ANALYZER_NUMBER_OBJECT_CONVERSION = YES_AGGRESSIVE;
				CLANG_CXX_LANGUAGE_STANDARD = "gnu++20";
				CLANG_ENABLE_MODULES = YES;
				CLANG_ENABLE_OBJC_ARC = YES;
				CLANG_ENABLE_OBJC_WEAK = YES;
				CLANG_WARN_BLOCK_CAPTURE_AUTORELEASING = YES;
				CLANG_WARN_BOOL_CONVERSION = YES;
				CLANG_WARN_COMMA = YES;
				CLANG_WARN_CONSTANT_CONVERSION = YES;
				CLANG_WARN_DEPRECATED_OBJC_IMPLEMENTATIONS = YES;
				CLANG_WARN_DIRECT_OBJC_ISA_USAGE = YES_ERROR;
				CLANG_WARN_DOCUMENTATION_COMMENTS = YES;
				CLANG_WARN_EMPTY_BODY = YES;
				CLANG_WARN_ENUM_CONVERSION = YES;
				CLANG_WARN_INFINITE_RECURSION = YES;
				CLANG_WARN_INT_CONVERSION = YES;
				CLANG_WARN_NON_LITERAL_NULL_CONVERSION = YES;
				CLANG_WARN_OBJC_IMPLICIT_RETAIN_SELF = YES;
				CLANG_WARN_OBJC_LITERAL_CONVERSION = YES;
				CLANG_WARN_OBJC_ROOT_CLASS = YES_ERROR;
				CLANG_WARN_QUOTED_INCLUDE_IN_FRAMEWORK_HEADER = YES;
				CLANG_WARN_RANGE_LOOP_ANALYSIS = YES;
				CLANG_WARN_STRICT_PROTOTYPES = YES;
				CLANG_WARN_SUSPICIOUS_MOVE = YES;
				CLANG_WARN_UNGUARDED_AVAILABILITY = YES_AGGRESSIVE;
				CLANG_WARN_UNREACHABLE_CODE = YES;
				CLANG_WARN__DUPLICATE_METHOD_MATCH = YES;
				COPY_PHASE_STRIP = NO;
				DEBUG_INFORMATION_FORMAT = dwarf;
				ENABLE_STRICT_OBJC_MSGSEND = YES;
				ENABLE_TESTABILITY = YES;
				GCC_C_LANGUAGE_STANDARD = gnu11;
				GCC_DYNAMIC_NO_PIC = NO;
				GCC_NO_COMMON_BLOCKS = YES;
				GCC_OPTIMIZATION_LEVEL = 0;
				GCC_PREPROCESSOR_DEFINITIONS = (
					"DEBUG=1",
					"$(inherited)",
				);
				GCC_WARN_64_TO_32_BIT_CONVERSION = YES;
				GCC_WARN_ABOUT_RETURN_TYPE = YES_ERROR;
				GCC_WARN_UNDECLARED_SELECTOR = YES;
				GCC_WARN_UNINITIALIZED_AUTOS = YES_AGGRESSIVE;
				GCC_WARN_UNUSED_FUNCTION = YES;
				GCC_WARN_UNUSED_VARIABLE = YES;
				IPHONEOS_DEPLOYMENT_TARGET = 16.2;
				MTL_ENABLE_DEBUG_INFO = INCLUDE_SOURCE;
				MTL_FAST_MATH = YES;
				ONLY_ACTIVE_ARCH = YES;
				SDKROOT = iphoneos;
				SWIFT_ACTIVE_COMPILATION_CONDITIONS = DEBUG;
				SWIFT_OPTIMIZATION_LEVEL = "-Onone";
			};
			name = Debug;
		};
		CED0F1FD29F22FBB00DE675D /* Release */ = {
			isa = XCBuildConfiguration;
			buildSettings = {
				ALWAYS_SEARCH_USER_PATHS = NO;
				CLANG_ANALYZER_NONNULL = YES;
				CLANG_ANALYZER_NUMBER_OBJECT_CONVERSION = YES_AGGRESSIVE;
				CLANG_CXX_LANGUAGE_STANDARD = "gnu++20";
				CLANG_ENABLE_MODULES = YES;
				CLANG_ENABLE_OBJC_ARC = YES;
				CLANG_ENABLE_OBJC_WEAK = YES;
				CLANG_WARN_BLOCK_CAPTURE_AUTORELEASING = YES;
				CLANG_WARN_BOOL_CONVERSION = YES;
				CLANG_WARN_COMMA = YES;
				CLANG_WARN_CONSTANT_CONVERSION = YES;
				CLANG_WARN_DEPRECATED_OBJC_IMPLEMENTATIONS = YES;
				CLANG_WARN_DIRECT_OBJC_ISA_USAGE = YES_ERROR;
				CLANG_WARN_DOCUMENTATION_COMMENTS = YES;
				CLANG_WARN_EMPTY_BODY = YES;
				CLANG_WARN_ENUM_CONVERSION = YES;
				CLANG_WARN_INFINITE_RECURSION = YES;
				CLANG_WARN_INT_CONVERSION = YES;
				CLANG_WARN_NON_LITERAL_NULL_CONVERSION = YES;
				CLANG_WARN_OBJC_IMPLICIT_RETAIN_SELF = YES;
				CLANG_WARN_OBJC_LITERAL_CONVERSION = YES;
				CLANG_WARN_OBJC_ROOT_CLASS = YES_ERROR;
				CLANG_WARN_QUOTED_INCLUDE_IN_FRAMEWORK_HEADER = YES;
				CLANG_WARN_RANGE_LOOP_ANALYSIS = YES;
				CLANG_WARN_STRICT_PROTOTYPES = YES;
				CLANG_WARN_SUSPICIOUS_MOVE = YES;
				CLANG_WARN_UNGUARDED_AVAILABILITY = YES_AGGRESSIVE;
				CLANG_WARN_UNREACHABLE_CODE = YES;
				CLANG_WARN__DUPLICATE_METHOD_MATCH = YES;
				COPY_PHASE_STRIP = NO;
				DEBUG_INFORMATION_FORMAT = "dwarf-with-dsym";
				ENABLE_NS_ASSERTIONS = NO;
				ENABLE_STRICT_OBJC_MSGSEND = YES;
				GCC_C_LANGUAGE_STANDARD = gnu11;
				GCC_NO_COMMON_BLOCKS = YES;
				GCC_WARN_64_TO_32_BIT_CONVERSION = YES;
				GCC_WARN_ABOUT_RETURN_TYPE = YES_ERROR;
				GCC_WARN_UNDECLARED_SELECTOR = YES;
				GCC_WARN_UNINITIALIZED_AUTOS = YES_AGGRESSIVE;
				GCC_WARN_UNUSED_FUNCTION = YES;
				GCC_WARN_UNUSED_VARIABLE = YES;
				IPHONEOS_DEPLOYMENT_TARGET = 16.2;
				MTL_ENABLE_DEBUG_INFO = NO;
				MTL_FAST_MATH = YES;
				SDKROOT = iphoneos;
				SWIFT_COMPILATION_MODE = wholemodule;
				SWIFT_OPTIMIZATION_LEVEL = "-O";
				VALIDATE_PRODUCT = YES;
			};
			name = Release;
		};
		CED0F1FF29F22FBB00DE675D /* Debug */ = {
			isa = XCBuildConfiguration;
			buildSettings = {
				ASSETCATALOG_COMPILER_APPICON_NAME = AppIcon;
				ASSETCATALOG_COMPILER_GLOBAL_ACCENT_COLOR_NAME = AccentColor;
				CODE_SIGN_ENTITLEMENTS = Africa/Africa.entitlements;
				"CODE_SIGN_IDENTITY[sdk=macosx*]" = "-";
				CODE_SIGN_STYLE = Automatic;
				CURRENT_PROJECT_VERSION = 1;
				DEVELOPMENT_ASSET_PATHS = "\"Africa/Preview Content\"";
				ENABLE_PREVIEWS = YES;
				GENERATE_INFOPLIST_FILE = YES;
				INFOPLIST_FILE = Africa/Info.plist;
				INFOPLIST_KEY_UIApplicationSceneManifest_Generation = YES;
				INFOPLIST_KEY_UIApplicationSupportsIndirectInputEvents = YES;
				INFOPLIST_KEY_UISupportedInterfaceOrientations = "UIInterfaceOrientationLandscapeLeft UIInterfaceOrientationLandscapeRight UIInterfaceOrientationPortrait";
				INFOPLIST_KEY_UISupportedInterfaceOrientations_iPad = "UIInterfaceOrientationLandscapeLeft UIInterfaceOrientationLandscapeRight UIInterfaceOrientationPortrait UIInterfaceOrientationPortraitUpsideDown";
				INFOPLIST_KEY_UIUserInterfaceStyle = Dark;
				LD_RUNPATH_SEARCH_PATHS = (
					"$(inherited)",
					"@executable_path/Frameworks",
				);
				MARKETING_VERSION = 1.0;
				PRODUCT_BUNDLE_IDENTIFIER = com.rotimi.Africa;
				PRODUCT_NAME = "$(TARGET_NAME)";
				SUPPORTED_PLATFORMS = "iphoneos iphonesimulator";
				SUPPORTS_MACCATALYST = YES;
				SUPPORTS_MAC_DESIGNED_FOR_IPHONE_IPAD = YES;
				SWIFT_EMIT_LOC_STRINGS = YES;
				SWIFT_VERSION = 5.0;
				TARGETED_DEVICE_FAMILY = "1,2";
			};
			name = Debug;
		};
		CED0F20029F22FBB00DE675D /* Release */ = {
			isa = XCBuildConfiguration;
			buildSettings = {
				ASSETCATALOG_COMPILER_APPICON_NAME = AppIcon;
				ASSETCATALOG_COMPILER_GLOBAL_ACCENT_COLOR_NAME = AccentColor;
				CODE_SIGN_ENTITLEMENTS = Africa/Africa.entitlements;
				"CODE_SIGN_IDENTITY[sdk=macosx*]" = "-";
				CODE_SIGN_STYLE = Automatic;
				CURRENT_PROJECT_VERSION = 1;
				DEVELOPMENT_ASSET_PATHS = "\"Africa/Preview Content\"";
				ENABLE_PREVIEWS = YES;
				GENERATE_INFOPLIST_FILE = YES;
				INFOPLIST_FILE = Africa/Info.plist;
				INFOPLIST_KEY_UIApplicationSceneManifest_Generation = YES;
				INFOPLIST_KEY_UIApplicationSupportsIndirectInputEvents = YES;
				INFOPLIST_KEY_UISupportedInterfaceOrientations = "UIInterfaceOrientationLandscapeLeft UIInterfaceOrientationLandscapeRight UIInterfaceOrientationPortrait";
				INFOPLIST_KEY_UISupportedInterfaceOrientations_iPad = "UIInterfaceOrientationLandscapeLeft UIInterfaceOrientationLandscapeRight UIInterfaceOrientationPortrait UIInterfaceOrientationPortraitUpsideDown";
				INFOPLIST_KEY_UIUserInterfaceStyle = Dark;
				LD_RUNPATH_SEARCH_PATHS = (
					"$(inherited)",
					"@executable_path/Frameworks",
				);
				MARKETING_VERSION = 1.0;
				PRODUCT_BUNDLE_IDENTIFIER = com.rotimi.Africa;
				PRODUCT_NAME = "$(TARGET_NAME)";
				SUPPORTED_PLATFORMS = "iphoneos iphonesimulator";
				SUPPORTS_MACCATALYST = YES;
				SUPPORTS_MAC_DESIGNED_FOR_IPHONE_IPAD = YES;
				SWIFT_EMIT_LOC_STRINGS = YES;
				SWIFT_VERSION = 5.0;
				TARGETED_DEVICE_FAMILY = "1,2";
			};
			name = Release;
		};
/* End XCBuildConfiguration section */

/* Begin XCConfigurationList section */
		CE7BA9BE29F99A6E0009F5FA /* Build configuration list for PBXNativeTarget "Stickers" */ = {
			isa = XCConfigurationList;
			buildConfigurations = (
				CE7BA9BF29F99A6E0009F5FA /* Debug */,
				CE7BA9C029F99A6E0009F5FA /* Release */,
			);
			defaultConfigurationIsVisible = 0;
			defaultConfigurationName = Release;
		};
		CED0F1EB29F22FB800DE675D /* Build configuration list for PBXProject "Africa" */ = {
			isa = XCConfigurationList;
			buildConfigurations = (
				CED0F1FC29F22FBB00DE675D /* Debug */,
				CED0F1FD29F22FBB00DE675D /* Release */,
			);
			defaultConfigurationIsVisible = 0;
			defaultConfigurationName = Release;
		};
		CED0F1FE29F22FBB00DE675D /* Build configuration list for PBXNativeTarget "Africa" */ = {
			isa = XCConfigurationList;
			buildConfigurations = (
				CED0F1FF29F22FBB00DE675D /* Debug */,
				CED0F20029F22FBB00DE675D /* Release */,
			);
			defaultConfigurationIsVisible = 0;
			defaultConfigurationName = Release;
		};
/* End XCConfigurationList section */
	};
	rootObject = CED0F1E829F22FB800DE675D /* Project object */;
}
